<?xml version="1.0" encoding="utf-8"?>
<Project ToolsVersion="4.0" xmlns="http://schemas.microsoft.com/developer/msbuild/2003">
  <ItemGroup>
    <Filter Include="Source Files">
      <UniqueIdentifier>{4FC737F1-C7A5-4376-A066-2A32D752A2FF}</UniqueIdentifier>
      <Extensions>cpp;c;cc;cxx;def;odl;idl;hpj;bat;asm;asmx</Extensions>
    </Filter>
    <Filter Include="Header Files">
      <UniqueIdentifier>{93995380-89BD-4b04-88EB-625FBE52EBFB}</UniqueIdentifier>
      <Extensions>h;hh;hpp;hxx;hm;inl;inc;ipp;xsd</Extensions>
    </Filter>
    <Filter Include="Objects">
      <UniqueIdentifier>{8f742c67-31e5-4bf0-8804-e80250411671}</UniqueIdentifier>
    </Filter>
    <Filter Include="Components">
      <UniqueIdentifier>{3be4e24f-aa52-4431-ac3a-f07f625df2fa}</UniqueIdentifier>
    </Filter>
  </ItemGroup>
  <ItemGroup>
    <ClCompile Include="main.cpp">
      <Filter>Source Files</Filter>
    </ClCompile>
    <ClCompile Include="game.cpp">
      <Filter>Source Files</Filter>
    </ClCompile>
    <ClCompile Include="ship.cpp">
      <Filter>Objects</Filter>
    </ClCompile>
    <ClCompile Include="missile.cpp">
      <Filter>Objects</Filter>
    </ClCompile>
    <ClCompile Include="enemycontrollerComponent.cpp">
      <Filter>Components</Filter>
    </ClCompile>
    <ClCompile Include="shipcontrollerComponent.cpp">
      <Filter>Components</Filter>
    </ClCompile>
    <ClCompile Include="enemy.cpp">
      <Filter>Objects</Filter>
    </ClCompile>
    <ClCompile Include="enemymissile.cpp">
      <Filter>Objects</Filter>
    </ClCompile>
    <ClCompile Include="enemyexplosion.cpp">
      <Filter>Objects</Filter>
    </ClCompile>
    <ClCompile Include="states.cpp">
      <Filter>Source Files</Filter>
    </ClCompile>
    <ClCompile Include="enemyWaypointControllerComponent.cpp">
      <Filter>Components</Filter>
    </ClCompile>
  </ItemGroup>
  <ItemGroup>
    <ClInclude Include="ship.h">
      <Filter>Objects</Filter>
    </ClInclude>
    <ClInclude Include="missile.h">
      <Filter>Objects</Filter>
    </ClInclude>
    <ClInclude Include="enemycontrollerComponent.h">
      <Filter>Components</Filter>
    </ClInclude>
    <ClInclude Include="shipcontrollerComponent.h">
      <Filter>Components</Filter>
    </ClInclude>
    <ClInclude Include="enemy.h">
      <Filter>Objects</Filter>
    </ClInclude>
    <ClInclude Include="game.h">
      <Filter>Source Files</Filter>
    </ClInclude>
    <ClInclude Include="enemyexplosion.h">
      <Filter>Objects</Filter>
    </ClInclude>
    <ClInclude Include="enemymissile.h">
      <Filter>Objects</Filter>
    </ClInclude>
    <ClInclude Include="states.h">
      <Filter>Header Files</Filter>
    </ClInclude>
    <ClInclude Include="enemyWaypointControllerComponent.h">
      <Filter>Components</Filter>
    </ClInclude>
  </ItemGroup>
</Project>