<?xml version="1.0" encoding="utf-8"?>
<Project ToolsVersion="4.0" xmlns="http://schemas.microsoft.com/developer/msbuild/2003">
  <ItemGroup>
    <Filter Include="Source Files">
      <UniqueIdentifier>{4FC737F1-C7A5-4376-A066-2A32D752A2FF}</UniqueIdentifier>
      <Extensions>cpp;c;cc;cxx;def;odl;idl;hpj;bat;asm;asmx</Extensions>
    </Filter>
    <Filter Include="Math">
      <UniqueIdentifier>{8c053fc1-9900-412b-8904-81ebc9c272e0}</UniqueIdentifier>
    </Filter>
    <Filter Include="Graphics">
      <UniqueIdentifier>{56342187-a406-4749-9ada-04e49a695d04}</UniqueIdentifier>
    </Filter>
    <Filter Include="Objects">
      <UniqueIdentifier>{9f57bc52-dcc5-4d50-bdee-5dd58a62b23e}</UniqueIdentifier>
    </Filter>
    <Filter Include="Components">
      <UniqueIdentifier>{c2a060e4-74c9-447e-a78d-141af0d9d2f6}</UniqueIdentifier>
    </Filter>
    <Filter Include="Physics">
      <UniqueIdentifier>{466de8c6-dfde-4bb3-83fa-b3716a4cd81e}</UniqueIdentifier>
    </Filter>
    <Filter Include="Event">
      <UniqueIdentifier>{da227555-0067-40fe-9aa2-c49cfaf5e150}</UniqueIdentifier>
    </Filter>
    <Filter Include="Framework">
      <UniqueIdentifier>{61dc2138-522d-45dc-aa1d-779487b997cd}</UniqueIdentifier>
    </Filter>
    <Filter Include="Systems">
      <UniqueIdentifier>{c27e776c-3cae-46a0-909c-e4c6e9a7da11}</UniqueIdentifier>
    </Filter>
  </ItemGroup>
  <ItemGroup>
    <ClInclude Include="matrix22.h">
      <Filter>Math</Filter>
    </ClInclude>
    <ClInclude Include="matrix33.h">
      <Filter>Math</Filter>
    </ClInclude>
    <ClInclude Include="vector2D.h">
      <Filter>Math</Filter>
    </ClInclude>
    <ClInclude Include="vector3D.h">
      <Filter>Math</Filter>
    </ClInclude>
    <ClInclude Include="_math.h">
      <Filter>Math</Filter>
    </ClInclude>
    <ClInclude Include="transform.h">
      <Filter>Math</Filter>
    </ClInclude>
    <ClInclude Include="aabb.h">
      <Filter>Physics</Filter>
    </ClInclude>
    <ClInclude Include="physics.h">
      <Filter>Physics</Filter>
    </ClInclude>
    <ClInclude Include="entity.h">
      <Filter>Objects</Filter>
    </ClInclude>
    <ClInclude Include="physicsComponent.h">
      <Filter>Components</Filter>
    </ClInclude>
    <ClInclude Include="renderComponent.h">
      <Filter>Components</Filter>
    </ClInclude>
    <ClInclude Include="spriteComponent.h">
      <Filter>Components</Filter>
    </ClInclude>
    <ClInclude Include="kinematicComponent.h">
      <Filter>Components</Filter>
    </ClInclude>
    <ClInclude Include="controllerComponent.h">
      <Filter>Components</Filter>
    </ClInclude>
    <ClInclude Include="collisionComponent.h">
      <Filter>Components</Filter>
    </ClInclude>
    <ClInclude Include="eventmanager.h">
      <Filter>Event</Filter>
    </ClInclude>
    <ClInclude Include="event.h">
      <Filter>Event</Filter>
    </ClInclude>
    <ClInclude Include="eventreciever.h">
      <Filter>Event</Filter>
    </ClInclude>
    <ClInclude Include="state.h">
      <Filter>Framework</Filter>
    </ClInclude>
    <ClInclude Include="statemachine.h">
      <Filter>Framework</Filter>
    </ClInclude>
    <ClInclude Include="aabbComponent.h">
      <Filter>Components</Filter>
    </ClInclude>
    <ClInclude Include="animationcomponent.h">
      <Filter>Components</Filter>
    </ClInclude>
    <ClInclude Include="textComponent.h">
      <Filter>Components</Filter>
    </ClInclude>
    <ClInclude Include="id.h">
      <Filter>Objects</Filter>
    </ClInclude>
    <ClInclude Include="object.h">
      <Filter>Objects</Filter>
    </ClInclude>
    <ClInclude Include="scene.h">
      <Filter>Objects</Filter>
    </ClInclude>
    <ClInclude Include="texture.h">
      <Filter>Graphics</Filter>
    </ClInclude>
    <ClInclude Include="text.h">
      <Filter>Graphics</Filter>
    </ClInclude>
    <ClInclude Include="renderer.h">
      <Filter>Graphics</Filter>
    </ClInclude>
    <ClInclude Include="textmanager.h">
      <Filter>Graphics</Filter>
    </ClInclude>
    <ClInclude Include="textureManager.h">
      <Filter>Graphics</Filter>
    </ClInclude>
    <ClInclude Include="color.h">
      <Filter>Graphics</Filter>
    </ClInclude>
    <ClInclude Include="inputmanager.h">
      <Filter>Systems</Filter>
    </ClInclude>
    <ClInclude Include="fileSystem.h">
      <Filter>Systems</Filter>
    </ClInclude>
    <ClInclude Include="timer.h">
      <Filter>Systems</Filter>
    </ClInclude>
    <ClInclude Include="engine.h">
      <Filter>Source Files</Filter>
    </ClInclude>
    <ClInclude Include="components.h">
      <Filter>Components</Filter>
    </ClInclude>
    <ClInclude Include="audio.h">
      <Filter>Systems</Filter>
    </ClInclude>
    <ClInclude Include="audiosystem.h">
      <Filter>Systems</Filter>
    </ClInclude>
    <ClInclude Include="singleton.h">
      <Filter>Framework</Filter>
    </ClInclude>
    <ClInclude Include="waypoint.h">
      <Filter>Objects</Filter>
    </ClInclude>
    <ClInclude Include="debugdraw.h">
      <Filter>Graphics</Filter>
    </ClInclude>
  </ItemGroup>
  <ItemGroup>
    <ClCompile Include="engine.cpp">
      <Filter>Source Files</Filter>
    </ClCompile>
    <ClCompile Include="matrix22.cpp">
      <Filter>Math</Filter>
    </ClCompile>
    <ClCompile Include="matrix33.cpp">
      <Filter>Math</Filter>
    </ClCompile>
    <ClCompile Include="vector2D.cpp">
      <Filter>Math</Filter>
    </ClCompile>
    <ClCompile Include="vector3D.cpp">
      <Filter>Math</Filter>
    </ClCompile>
    <ClCompile Include="_math.cpp">
      <Filter>Math</Filter>
    </ClCompile>
    <ClCompile Include="id.cpp">
      <Filter>Objects</Filter>
    </ClCompile>
    <ClCompile Include="object.cpp">
      <Filter>Objects</Filter>
    </ClCompile>
    <ClCompile Include="entity.cpp">
      <Filter>Objects</Filter>
    </ClCompile>
    <ClCompile Include="component.cpp">
      <Filter>Components</Filter>
    </ClCompile>
    <ClCompile Include="scene.cpp">
      <Filter>Objects</Filter>
    </ClCompile>
    <ClCompile Include="transform.cpp">
      <Filter>Math</Filter>
    </ClCompile>
    <ClCompile Include="physics.cpp">
      <Filter>Physics</Filter>
    </ClCompile>
    <ClCompile Include="aabb.cpp">
      <Filter>Physics</Filter>
    </ClCompile>
    <ClCompile Include="spriteComponent.cpp">
      <Filter>Components</Filter>
    </ClCompile>
    <ClCompile Include="controllerComponent.cpp">
      <Filter>Components</Filter>
    </ClCompile>
    <ClCompile Include="kinematicComponent.cpp">
      <Filter>Components</Filter>
    </ClCompile>
    <ClCompile Include="eventmanager.cpp">
      <Filter>Event</Filter>
    </ClCompile>
    <ClCompile Include="state.cpp">
      <Filter>Framework</Filter>
    </ClCompile>
    <ClCompile Include="statemachine.cpp">
      <Filter>Framework</Filter>
    </ClCompile>
    <ClCompile Include="aabbComponent.cpp">
      <Filter>Components</Filter>
    </ClCompile>
    <ClCompile Include="animationcomponent.cpp">
      <Filter>Components</Filter>
    </ClCompile>
    <ClCompile Include="textComponent.cpp">
      <Filter>Components</Filter>
    </ClCompile>
    <ClCompile Include="texture.cpp">
      <Filter>Graphics</Filter>
    </ClCompile>
    <ClCompile Include="text.cpp">
      <Filter>Graphics</Filter>
    </ClCompile>
    <ClCompile Include="textmanager.cpp">
      <Filter>Graphics</Filter>
    </ClCompile>
    <ClCompile Include="textureManager.cpp">
      <Filter>Graphics</Filter>
    </ClCompile>
    <ClCompile Include="renderer.cpp">
      <Filter>Graphics</Filter>
    </ClCompile>
    <ClCompile Include="color.cpp">
      <Filter>Graphics</Filter>
    </ClCompile>
    <ClCompile Include="audiosystem.cpp">
      <Filter>Systems</Filter>
    </ClCompile>
    <ClCompile Include="fileSystem.cpp">
      <Filter>Systems</Filter>
    </ClCompile>
    <ClCompile Include="inputmanager.cpp">
      <Filter>Systems</Filter>
    </ClCompile>
    <ClCompile Include="timer.cpp">
      <Filter>Systems</Filter>
    </ClCompile>
    <ClCompile Include="audio.cpp">
      <Filter>Systems</Filter>
    </ClCompile>
    <ClCompile Include="waypoint.cpp">
      <Filter>Objects</Filter>
    </ClCompile>
    <ClCompile Include="debugdraw.cpp">
      <Filter>Graphics</Filter>
    </ClCompile>
  </ItemGroup>
</Project>